{
  "name": "ome-ep-codemirror",
  "version": "1.0.2",
  "lockfileVersion": 1,
  "requires": true,
  "dependencies": {
    "codemirror": {
      "version": "5.37.0",
      "resolved": "https://registry.npmjs.org/codemirror/-/codemirror-5.37.0.tgz",
      "integrity": "sha512-dQaayDJCLU4UJcwg2RM44oFrs0dMNndTp6qxQJF6XI71l1xN3RB4IqiKES0b0rccbARbrD/UBB4t8DNknfaOTw=="
    }
  }
}
