{
  "name": "ome-ep-codemirror",
  "version": "1.0.0",
  "lockfileVersion": 1,
  "requires": true,
  "dependencies": {
    "codemirror": {
      "version": "5.37.0",
      "resolved": "https://registry.npmjs.org/codemirror/-/codemirror-5.37.0.tgz",
      "integrity": "sha512-dQaayDJCLU4UJcwg2RM44oFrs0dMNndTp6qxQJF6XI71l1xN3RB4IqiKES0b0rccbARbrD/UBB4t8DNknfaOTw=="
    },
    "electron-app-settings": {
      "version": "1.0.1",
      "resolved": "https://registry.npmjs.org/electron-app-settings/-/electron-app-settings-1.0.1.tgz",
      "integrity": "sha512-YEiMkQSao8+sPPic8UMAmSvVDFOzVmxpUGaRvoKm268KxS79Wkp6zXORMcBphNLCKB5X0L4jnoEdbkUv71ViSw=="
    }
  }
}
