{
  "name": "ome-mp-Creole",
  "version": "1.0.0",
  "lockfileVersion": 1,
  "requires": true,
  "dependencies": {
    "npm-creole": {
      "version": "0.3.6",
      "resolved": "https://registry.npmjs.org/npm-creole/-/npm-creole-0.3.6.tgz",
      "integrity": "sha1-/NEmwxQsdI0H+5aX97/yfIM50x0="
    }
  }
}
