{
  "name": "ome-ext-colorizer",
  "version": "1.0.0",
  "lockfileVersion": 1,
  "requires": true,
  "dependencies": {
    "electron-color-picker": {
      "version": "0.0.6",
      "resolved": "https://registry.npmjs.org/electron-color-picker/-/electron-color-picker-0.0.6.tgz",
      "integrity": "sha512-YeNGimTAFrdpmIwZlXa01GLemofYusXZ241b3BAzHGuppQ6ahbvN4GkzEF3F99m/f28J6vNFmJ+q0Qtvgv6zfg=="
    },
    "windows-titlebar-color": {
      "version": "1.1.1",
      "resolved": "https://registry.npmjs.org/windows-titlebar-color/-/windows-titlebar-color-1.1.1.tgz",
      "integrity": "sha1-Qfl7aoMvpLvxNO1WrC3uKZ58zzA="
    }
  }
}
