{
  "name": "ome-ext-Colorizer",
  "version": "1.0.0",
  "lockfileVersion": 2,
  "requires": true,
  "packages": {
    "": {
      "name": "ome-ext-Colorizer",
      "version": "1.0.0",
      "hasInstallScript": true,
      "license": "GPL-3.0",
      "dependencies": {
        "electron-color-picker": "0.0.6",
        "windows-titlebar-color": "^1.1.1"
      }
    },
    "node_modules/electron-color-picker": {
      "version": "0.0.6",
      "resolved": "https://registry.npmjs.org/electron-color-picker/-/electron-color-picker-0.0.6.tgz",
      "integrity": "sha512-YeNGimTAFrdpmIwZlXa01GLemofYusXZ241b3BAzHGuppQ6ahbvN4GkzEF3F99m/f28J6vNFmJ+q0Qtvgv6zfg==",
      "engines": {
        "node": ">=8.8",
        "npm": ">=5"
      },
      "peerDependencies": {
        "electron": "^2.0.0"
      }
    },
    "node_modules/windows-titlebar-color": {
      "version": "1.1.1",
      "resolved": "https://registry.npmjs.org/windows-titlebar-color/-/windows-titlebar-color-1.1.1.tgz",
      "integrity": "sha1-Qfl7aoMvpLvxNO1WrC3uKZ58zzA="
    }
  },
  "dependencies": {
    "electron-color-picker": {
      "version": "0.0.6",
      "resolved": "https://registry.npmjs.org/electron-color-picker/-/electron-color-picker-0.0.6.tgz",
      "integrity": "sha512-YeNGimTAFrdpmIwZlXa01GLemofYusXZ241b3BAzHGuppQ6ahbvN4GkzEF3F99m/f28J6vNFmJ+q0Qtvgv6zfg==",
      "requires": {}
    },
    "windows-titlebar-color": {
      "version": "1.1.1",
      "resolved": "https://registry.npmjs.org/windows-titlebar-color/-/windows-titlebar-color-1.1.1.tgz",
      "integrity": "sha1-Qfl7aoMvpLvxNO1WrC3uKZ58zzA="
    }
  }
}
