{
  "name": "ome-mp-markdown-it",
  "version": "1.0.1",
  "lockfileVersion": 2,
  "requires": true,
  "packages": {
    "": {
      "name": "ome-mp-markdown-it",
      "version": "1.0.1",
      "license": "ISC",
      "dependencies": {
        "markdown-it": "^12.3.2",
        "markdown-it-anchor": "^5.0.2",
        "markdown-it-attrs": "^1.2.1",
        "markdown-it-container": "^2.0.0",
        "markdown-it-deflist": "^2.0.3",
        "markdown-it-emoji": "^1.4.0",
        "markdown-it-footnote": "^3.0.1",
        "markdown-it-imsize": "^2.0.1",
        "markdown-it-inject-linenumbers": "git://github.com/digitalmoksha/markdown-it-inject-linenumbers.git",
        "markdown-it-ins": "^2.0.0",
        "markdown-it-modify-token": "^1.0.2",
        "markdown-it-multimd-table": "^3.1.2",
        "markdown-it-sup": "^1.0.0",
        "markdown-it-table-of-contents": "^0.4.3",
        "markdown-it-task-lists": "^2.1.1",
        "markdown-it-underline": "^1.0.1"
      }
    },
    "node_modules/argparse": {
      "version": "1.0.10",
      "resolved": "https://registry.npmjs.org/argparse/-/argparse-1.0.10.tgz",
      "integrity": "sha512-o5Roy6tNG4SL/FOkCAN6RzjiakZS25RLYFrcMttJqbdd8BWrnA+fGz57iN5Pb06pvBGvl5gQ0B48dJlslXvoTg==",
      "dependencies": {
        "sprintf-js": "~1.0.2"
      }
    },
    "node_modules/entities": {
      "version": "1.1.1",
      "resolved": "https://registry.npmjs.org/entities/-/entities-1.1.1.tgz",
      "integrity": "sha1-blwtClYhtdra7O+AuQ7ftc13cvA="
    },
    "node_modules/linkify-it": {
      "version": "3.0.3",
      "resolved": "https://registry.npmjs.org/linkify-it/-/linkify-it-3.0.3.tgz",
      "integrity": "sha512-ynTsyrFSdE5oZ/O9GEf00kPngmOfVwazR5GKDq6EYfhlpFug3J2zybX56a2PRRpc9P+FuSoGNAwjlbDs9jJBPQ==",
      "dependencies": {
        "uc.micro": "^1.0.1"
      }
    },
    "node_modules/markdown-it": {
      "version": "12.3.2",
      "resolved": "https://registry.npmjs.org/markdown-it/-/markdown-it-12.3.2.tgz",
      "integrity": "sha512-TchMembfxfNVpHkbtriWltGWc+m3xszaRD0CZup7GFFhzIgQqxIfn3eGj1yZpfuflzPvfkt611B2Q/Bsk1YnGg==",
      "dependencies": {
        "argparse": "^2.0.1",
        "entities": "~2.1.0",
        "linkify-it": "^3.0.1",
        "mdurl": "^1.0.1",
        "uc.micro": "^1.0.5"
      },
      "bin": {
        "markdown-it": "bin/markdown-it.js"
      }
    },
    "node_modules/markdown-it-anchor": {
      "version": "5.0.2",
      "resolved": "https://registry.npmjs.org/markdown-it-anchor/-/markdown-it-anchor-5.0.2.tgz",
      "integrity": "sha512-AFM/woBI8QDJMS/9+MmsBMT5/AR+ImfOsunQZTZhzcTmna3rIzAzbOh5E0l6mlFM/i9666BpUtkqQ9bS7WApCg==",
      "peerDependencies": {
        "markdown-it": "^8.4.1"
      }
    },
    "node_modules/markdown-it-attrs": {
      "version": "1.2.1",
      "resolved": "https://registry.npmjs.org/markdown-it-attrs/-/markdown-it-attrs-1.2.1.tgz",
      "integrity": "sha512-EYYKLF9RvQJx1Etsb6EsBGWL7qNQLpg9BRej5f06+UdX75T5gvldEn7ts6bkLIQqugE15SGn4lw1CXDS1A+XUA==",
      "engines": {
        "node": ">=6"
      },
      "peerDependencies": {
        "markdown-it": ">=7.0.1"
      }
    },
    "node_modules/markdown-it-container": {
      "version": "2.0.0",
      "resolved": "https://registry.npmjs.org/markdown-it-container/-/markdown-it-container-2.0.0.tgz",
      "integrity": "sha1-ABm0P9Au7+zi8ZYKKJX7qBpARpU="
    },
    "node_modules/markdown-it-deflist": {
      "version": "2.0.3",
      "resolved": "https://registry.npmjs.org/markdown-it-deflist/-/markdown-it-deflist-2.0.3.tgz",
      "integrity": "sha512-/BNZ8ksW42bflm1qQLnRI09oqU2847Z7MVavrR0MORyKLtiUYOMpwtlAfMSZAQU9UCvaUZMpgVAqoS3vpToJxw=="
    },
    "node_modules/markdown-it-emoji": {
      "version": "1.4.0",
      "resolved": "https://registry.npmjs.org/markdown-it-emoji/-/markdown-it-emoji-1.4.0.tgz",
      "integrity": "sha1-m+4OmpkKljupbfaYDE/dsF37Tcw="
    },
    "node_modules/markdown-it-footnote": {
      "version": "3.0.1",
      "resolved": "https://registry.npmjs.org/markdown-it-footnote/-/markdown-it-footnote-3.0.1.tgz",
      "integrity": "sha1-fzcwdHysyG4v4L+KF6cQ80eRUXo="
    },
    "node_modules/markdown-it-imsize": {
      "version": "2.0.1",
      "resolved": "https://registry.npmjs.org/markdown-it-imsize/-/markdown-it-imsize-2.0.1.tgz",
      "integrity": "sha1-zKBCeQXQUziiR8ucqdloxc3dUXA="
    },
    "node_modules/markdown-it-inject-linenumbers": {
      "version": "0.2.0",
      "resolved": "git+ssh://git@github.com/digitalmoksha/markdown-it-inject-linenumbers.git#6ee88c78ac7e74c8a0d3176c19eef76a95138fdf",
      "integrity": "sha512-29bSn5nXjapX/J9iNJNRcoAz1kBrE92nFqY7KG0poZcbFRNj5ncihL0hfGH013npD3JHWNJtcaOCQ67LuDlLtQ==",
      "license": "MIT"
    },
    "node_modules/markdown-it-ins": {
      "version": "2.0.0",
      "resolved": "https://registry.npmjs.org/markdown-it-ins/-/markdown-it-ins-2.0.0.tgz",
      "integrity": "sha1-papqMPHi9x6Ul1Z8/f9A8f3mdIM="
    },
    "node_modules/markdown-it-modify-token": {
      "version": "1.0.2",
      "resolved": "https://registry.npmjs.org/markdown-it-modify-token/-/markdown-it-modify-token-1.0.2.tgz",
      "integrity": "sha1-VCRxoyMnClwQKmNbB/47R8J47qA="
    },
    "node_modules/markdown-it-multimd-table": {
      "version": "3.1.2",
      "resolved": "https://registry.npmjs.org/markdown-it-multimd-table/-/markdown-it-multimd-table-3.1.2.tgz",
      "integrity": "sha1-LX50jMojtEwf4nwAtuzy5tQLXUU=",
      "dependencies": {
        "markdown-it": "^5.0.3"
      }
    },
    "node_modules/markdown-it-multimd-table/node_modules/linkify-it": {
      "version": "1.2.4",
      "resolved": "https://registry.npmjs.org/linkify-it/-/linkify-it-1.2.4.tgz",
      "integrity": "sha1-B3NSbDF8j9E71TTuHRgP+Iq/iBo=",
      "dependencies": {
        "uc.micro": "^1.0.1"
      }
    },
    "node_modules/markdown-it-multimd-table/node_modules/markdown-it": {
      "version": "5.1.0",
      "resolved": "https://registry.npmjs.org/markdown-it/-/markdown-it-5.1.0.tgz",
      "integrity": "sha1-JShrhGW6xJbz8bd+7VRGQ+m9cY0=",
      "dependencies": {
        "argparse": "~1.0.3",
        "entities": "~1.1.1",
        "linkify-it": "~1.2.0",
        "mdurl": "~1.0.1",
        "uc.micro": "^1.0.0"
      },
      "bin": {
        "markdown-it": "bin/markdown-it.js"
      }
    },
    "node_modules/markdown-it-sup": {
      "version": "1.0.0",
      "resolved": "https://registry.npmjs.org/markdown-it-sup/-/markdown-it-sup-1.0.0.tgz",
      "integrity": "sha1-y5yf+RpSVawI8/09YyhuFd8KH8M="
    },
    "node_modules/markdown-it-table-of-contents": {
      "version": "0.4.3",
      "resolved": "https://registry.npmjs.org/markdown-it-table-of-contents/-/markdown-it-table-of-contents-0.4.3.tgz",
      "integrity": "sha512-x/OdaRzLYxAjmB+jIVlXuE3nX7tZTLDQxm58RkgjTLyQ+I290jYQvPS9cJjVN6SM3U6K6CHKYNgUtPNZmLblYQ==",
      "engines": {
        "node": ">6.4.0"
      }
    },
    "node_modules/markdown-it-task-lists": {
      "version": "2.1.1",
      "resolved": "https://registry.npmjs.org/markdown-it-task-lists/-/markdown-it-task-lists-2.1.1.tgz",
      "integrity": "sha512-TxFAc76Jnhb2OUu+n3yz9RMu4CwGfaT788br6HhEDlvWfdeJcLUsxk1Hgw2yJio0OXsxv7pyIPmvECY7bMbluA=="
    },
    "node_modules/markdown-it-underline": {
      "version": "1.0.1",
      "resolved": "https://registry.npmjs.org/markdown-it-underline/-/markdown-it-underline-1.0.1.tgz",
      "integrity": "sha1-Q6VKVB2V1zm0MVdwHx2jBtfDALI="
    },
    "node_modules/markdown-it/node_modules/argparse": {
      "version": "2.0.1",
      "resolved": "https://registry.npmjs.org/argparse/-/argparse-2.0.1.tgz",
      "integrity": "sha512-8+9WqebbFzpX9OR+Wa6O29asIogeRMzcGtAINdpMHHyAg10f05aSFVBbcEqGf/PXw1EjAZ+q2/bEBg3DvurK3Q=="
    },
    "node_modules/markdown-it/node_modules/entities": {
      "version": "2.1.0",
      "resolved": "https://registry.npmjs.org/entities/-/entities-2.1.0.tgz",
      "integrity": "sha512-hCx1oky9PFrJ611mf0ifBLBRW8lUUVRlFolb5gWRfIELabBlbp9xZvrqZLZAs+NxFnbfQoeGd8wDkygjg7U85w==",
      "funding": {
        "url": "https://github.com/fb55/entities?sponsor=1"
      }
    },
    "node_modules/mdurl": {
      "version": "1.0.1",
      "resolved": "https://registry.npmjs.org/mdurl/-/mdurl-1.0.1.tgz",
      "integrity": "sha1-/oWy7HWlkDfyrf7BAP1sYBdhFS4="
    },
    "node_modules/sprintf-js": {
      "version": "1.0.3",
      "resolved": "https://registry.npmjs.org/sprintf-js/-/sprintf-js-1.0.3.tgz",
      "integrity": "sha1-BOaSb2YolTVPPdAVIDYzuFcpfiw="
    },
    "node_modules/uc.micro": {
      "version": "1.0.5",
      "resolved": "https://registry.npmjs.org/uc.micro/-/uc.micro-1.0.5.tgz",
      "integrity": "sha512-JoLI4g5zv5qNyT09f4YAvEZIIV1oOjqnewYg5D38dkQljIzpPT296dbIGvKro3digYI1bkb7W6EP1y4uDlmzLg=="
    }
  },
  "dependencies": {
    "argparse": {
      "version": "1.0.10",
      "resolved": "https://registry.npmjs.org/argparse/-/argparse-1.0.10.tgz",
      "integrity": "sha512-o5Roy6tNG4SL/FOkCAN6RzjiakZS25RLYFrcMttJqbdd8BWrnA+fGz57iN5Pb06pvBGvl5gQ0B48dJlslXvoTg==",
      "requires": {
        "sprintf-js": "~1.0.2"
      }
    },
    "entities": {
      "version": "1.1.1",
      "resolved": "https://registry.npmjs.org/entities/-/entities-1.1.1.tgz",
      "integrity": "sha1-blwtClYhtdra7O+AuQ7ftc13cvA="
    },
    "linkify-it": {
      "version": "3.0.3",
      "resolved": "https://registry.npmjs.org/linkify-it/-/linkify-it-3.0.3.tgz",
      "integrity": "sha512-ynTsyrFSdE5oZ/O9GEf00kPngmOfVwazR5GKDq6EYfhlpFug3J2zybX56a2PRRpc9P+FuSoGNAwjlbDs9jJBPQ==",
      "requires": {
        "uc.micro": "^1.0.1"
      }
    },
    "markdown-it": {
      "version": "12.3.2",
      "resolved": "https://registry.npmjs.org/markdown-it/-/markdown-it-12.3.2.tgz",
      "integrity": "sha512-TchMembfxfNVpHkbtriWltGWc+m3xszaRD0CZup7GFFhzIgQqxIfn3eGj1yZpfuflzPvfkt611B2Q/Bsk1YnGg==",
      "requires": {
        "argparse": "^2.0.1",
        "entities": "~2.1.0",
        "linkify-it": "^3.0.1",
        "mdurl": "^1.0.1",
        "uc.micro": "^1.0.5"
      },
      "dependencies": {
        "argparse": {
          "version": "2.0.1",
          "resolved": "https://registry.npmjs.org/argparse/-/argparse-2.0.1.tgz",
          "integrity": "sha512-8+9WqebbFzpX9OR+Wa6O29asIogeRMzcGtAINdpMHHyAg10f05aSFVBbcEqGf/PXw1EjAZ+q2/bEBg3DvurK3Q=="
        },
        "entities": {
          "version": "2.1.0",
          "resolved": "https://registry.npmjs.org/entities/-/entities-2.1.0.tgz",
          "integrity": "sha512-hCx1oky9PFrJ611mf0ifBLBRW8lUUVRlFolb5gWRfIELabBlbp9xZvrqZLZAs+NxFnbfQoeGd8wDkygjg7U85w=="
        }
      }
    },
    "markdown-it-anchor": {
      "version": "5.0.2",
      "resolved": "https://registry.npmjs.org/markdown-it-anchor/-/markdown-it-anchor-5.0.2.tgz",
      "integrity": "sha512-AFM/woBI8QDJMS/9+MmsBMT5/AR+ImfOsunQZTZhzcTmna3rIzAzbOh5E0l6mlFM/i9666BpUtkqQ9bS7WApCg==",
      "requires": {}
    },
    "markdown-it-attrs": {
      "version": "1.2.1",
      "resolved": "https://registry.npmjs.org/markdown-it-attrs/-/markdown-it-attrs-1.2.1.tgz",
      "integrity": "sha512-EYYKLF9RvQJx1Etsb6EsBGWL7qNQLpg9BRej5f06+UdX75T5gvldEn7ts6bkLIQqugE15SGn4lw1CXDS1A+XUA==",
      "requires": {}
    },
    "markdown-it-container": {
      "version": "2.0.0",
      "resolved": "https://registry.npmjs.org/markdown-it-container/-/markdown-it-container-2.0.0.tgz",
      "integrity": "sha1-ABm0P9Au7+zi8ZYKKJX7qBpARpU="
    },
    "markdown-it-deflist": {
      "version": "2.0.3",
      "resolved": "https://registry.npmjs.org/markdown-it-deflist/-/markdown-it-deflist-2.0.3.tgz",
      "integrity": "sha512-/BNZ8ksW42bflm1qQLnRI09oqU2847Z7MVavrR0MORyKLtiUYOMpwtlAfMSZAQU9UCvaUZMpgVAqoS3vpToJxw=="
    },
    "markdown-it-emoji": {
      "version": "1.4.0",
      "resolved": "https://registry.npmjs.org/markdown-it-emoji/-/markdown-it-emoji-1.4.0.tgz",
      "integrity": "sha1-m+4OmpkKljupbfaYDE/dsF37Tcw="
    },
    "markdown-it-footnote": {
      "version": "3.0.1",
      "resolved": "https://registry.npmjs.org/markdown-it-footnote/-/markdown-it-footnote-3.0.1.tgz",
      "integrity": "sha1-fzcwdHysyG4v4L+KF6cQ80eRUXo="
    },
    "markdown-it-imsize": {
      "version": "2.0.1",
      "resolved": "https://registry.npmjs.org/markdown-it-imsize/-/markdown-it-imsize-2.0.1.tgz",
      "integrity": "sha1-zKBCeQXQUziiR8ucqdloxc3dUXA="
    },
    "markdown-it-inject-linenumbers": {
      "version": "git+ssh://git@github.com/digitalmoksha/markdown-it-inject-linenumbers.git#6ee88c78ac7e74c8a0d3176c19eef76a95138fdf",
      "integrity": "sha512-29bSn5nXjapX/J9iNJNRcoAz1kBrE92nFqY7KG0poZcbFRNj5ncihL0hfGH013npD3JHWNJtcaOCQ67LuDlLtQ==",
      "from": "markdown-it-inject-linenumbers@git://github.com/digitalmoksha/markdown-it-inject-linenumbers.git"
    },
    "markdown-it-ins": {
      "version": "2.0.0",
      "resolved": "https://registry.npmjs.org/markdown-it-ins/-/markdown-it-ins-2.0.0.tgz",
      "integrity": "sha1-papqMPHi9x6Ul1Z8/f9A8f3mdIM="
    },
    "markdown-it-modify-token": {
      "version": "1.0.2",
      "resolved": "https://registry.npmjs.org/markdown-it-modify-token/-/markdown-it-modify-token-1.0.2.tgz",
      "integrity": "sha1-VCRxoyMnClwQKmNbB/47R8J47qA="
    },
    "markdown-it-multimd-table": {
      "version": "3.1.2",
      "resolved": "https://registry.npmjs.org/markdown-it-multimd-table/-/markdown-it-multimd-table-3.1.2.tgz",
      "integrity": "sha1-LX50jMojtEwf4nwAtuzy5tQLXUU=",
      "requires": {
        "markdown-it": "^5.0.3"
      },
      "dependencies": {
        "linkify-it": {
          "version": "1.2.4",
          "resolved": "https://registry.npmjs.org/linkify-it/-/linkify-it-1.2.4.tgz",
          "integrity": "sha1-B3NSbDF8j9E71TTuHRgP+Iq/iBo=",
          "requires": {
            "uc.micro": "^1.0.1"
          }
        },
        "markdown-it": {
          "version": "5.1.0",
          "resolved": "https://registry.npmjs.org/markdown-it/-/markdown-it-5.1.0.tgz",
          "integrity": "sha1-JShrhGW6xJbz8bd+7VRGQ+m9cY0=",
          "requires": {
            "argparse": "~1.0.3",
            "entities": "~1.1.1",
            "linkify-it": "~1.2.0",
            "mdurl": "~1.0.1",
            "uc.micro": "^1.0.0"
          }
        }
      }
    },
    "markdown-it-sup": {
      "version": "1.0.0",
      "resolved": "https://registry.npmjs.org/markdown-it-sup/-/markdown-it-sup-1.0.0.tgz",
      "integrity": "sha1-y5yf+RpSVawI8/09YyhuFd8KH8M="
    },
    "markdown-it-table-of-contents": {
      "version": "0.4.3",
      "resolved": "https://registry.npmjs.org/markdown-it-table-of-contents/-/markdown-it-table-of-contents-0.4.3.tgz",
      "integrity": "sha512-x/OdaRzLYxAjmB+jIVlXuE3nX7tZTLDQxm58RkgjTLyQ+I290jYQvPS9cJjVN6SM3U6K6CHKYNgUtPNZmLblYQ=="
    },
    "markdown-it-task-lists": {
      "version": "2.1.1",
      "resolved": "https://registry.npmjs.org/markdown-it-task-lists/-/markdown-it-task-lists-2.1.1.tgz",
      "integrity": "sha512-TxFAc76Jnhb2OUu+n3yz9RMu4CwGfaT788br6HhEDlvWfdeJcLUsxk1Hgw2yJio0OXsxv7pyIPmvECY7bMbluA=="
    },
    "markdown-it-underline": {
      "version": "1.0.1",
      "resolved": "https://registry.npmjs.org/markdown-it-underline/-/markdown-it-underline-1.0.1.tgz",
      "integrity": "sha1-Q6VKVB2V1zm0MVdwHx2jBtfDALI="
    },
    "mdurl": {
      "version": "1.0.1",
      "resolved": "https://registry.npmjs.org/mdurl/-/mdurl-1.0.1.tgz",
      "integrity": "sha1-/oWy7HWlkDfyrf7BAP1sYBdhFS4="
    },
    "sprintf-js": {
      "version": "1.0.3",
      "resolved": "https://registry.npmjs.org/sprintf-js/-/sprintf-js-1.0.3.tgz",
      "integrity": "sha1-BOaSb2YolTVPPdAVIDYzuFcpfiw="
    },
    "uc.micro": {
      "version": "1.0.5",
      "resolved": "https://registry.npmjs.org/uc.micro/-/uc.micro-1.0.5.tgz",
      "integrity": "sha512-JoLI4g5zv5qNyT09f4YAvEZIIV1oOjqnewYg5D38dkQljIzpPT296dbIGvKro3digYI1bkb7W6EP1y4uDlmzLg=="
    }
  }
}
