{
  "name": "ome-mp-Textile",
  "version": "1.0.0",
  "lockfileVersion": 1,
  "requires": true,
  "dependencies": {
    "textile-js": {
      "version": "2.0.4",
      "resolved": "https://registry.npmjs.org/textile-js/-/textile-js-2.0.4.tgz",
      "integrity": "sha512-x/cwuDQxItNGvKK0oiDWEyOdMrzIqsKJff/hvXwYsR5Sr9vqJ26IvyAZn/VuxLXHc57j1YA9oZgE8/QhSkERHA=="
    }
  }
}
