{
  "name": "ome-mp-textile",
  "version": "1.0.0",
  "lockfileVersion": 2,
  "requires": true,
  "packages": {
    "": {
      "name": "ome-mp-textile",
      "version": "1.0.0",
      "license": "GPL-3.0",
      "dependencies": {
        "textile-js": "^2.0.4"
      }
    },
    "node_modules/textile-js": {
      "version": "2.0.4",
      "resolved": "https://registry.npmjs.org/textile-js/-/textile-js-2.0.4.tgz",
      "integrity": "sha512-x/cwuDQxItNGvKK0oiDWEyOdMrzIqsKJff/hvXwYsR5Sr9vqJ26IvyAZn/VuxLXHc57j1YA9oZgE8/QhSkERHA==",
      "bin": {
        "textile-js": "bin/textile"
      }
    }
  },
  "dependencies": {
    "textile-js": {
      "version": "2.0.4",
      "resolved": "https://registry.npmjs.org/textile-js/-/textile-js-2.0.4.tgz",
      "integrity": "sha512-x/cwuDQxItNGvKK0oiDWEyOdMrzIqsKJff/hvXwYsR5Sr9vqJ26IvyAZn/VuxLXHc57j1YA9oZgE8/QhSkERHA=="
    }
  }
}
